
Microsoft Visual Studio Solution File, Format Version 12.00
# Visual Studio 15
VisualStudioVersion = 15.0.27703.2035
MinimumVisualStudioVersion = 10.0.40219.1
Project("{FAE04EC0-301F-11D3-BF4B-00C04F79EFBC}") = "PowerPython", "PowerPython\PowerPython.csproj", "{D4EEC5AF-572A-46D3-B8B4-0CC105176044}"
EndProject
Global
	GlobalSection(SolutionConfigurationPlatforms) = preSolution
		Debug|Any CPU = Debug|Any CPU
		Release|Any CPU = Release|Any CPU
	EndGlobalSection
	GlobalSection(ProjectConfigurationPlatforms) = postSolution
		{D4EEC5AF-572A-46D3-B8B4-0CC105176044}.Debug|Any CPU.ActiveCfg = Debug|Any CPU
		{D4EEC5AF-572A-46D3-B8B4-0CC105176044}.Debug|Any CPU.Build.0 = Debug|Any CPU
		{D4EEC5AF-572A-46D3-B8B4-0CC105176044}.Release|Any CPU.ActiveCfg = Release|Any CPU
		{D4EEC5AF-572A-46D3-B8B4-0CC105176044}.Release|Any CPU.Build.0 = Release|Any CPU
	EndGlobalSection
	GlobalSection(SolutionProperties) = preSolution
		HideSolutionNode = FALSE
	EndGlobalSection
	GlobalSection(ExtensibilityGlobals) = postSolution
		SolutionGuid = {E9054F9F-BE35-4D3F-87EA-1A5A172FE978}
	EndGlobalSection
EndGlobal
